Microsoft Visual Studio Solution File, Format Version 12.00
# Visual Studio Version 17
VisualStudioVersion = 17.5.2.0
MinimumVisualStudioVersion = 10.0.40219.1
Project("{FAE04EC0-301F-11D3-BF4B-00C04F79EFBC}") = "BlockScript", "BlockScript.csproj", "{05D08221-1EA4-AEE9-5022-180C6ADF15D6}"
EndProject
Global
	GlobalSection(SolutionConfigurationPlatforms) = preSolution
		Debug|Any CPU = Debug|Any CPU
		Release|Any CPU = Release|Any CPU
	EndGlobalSection
	GlobalSection(ProjectConfigurationPlatforms) = postSolution
		{05D08221-1EA4-AEE9-5022-180C6ADF15D6}.Debug|Any CPU.ActiveCfg = Debug|Any CPU
		{05D08221-1EA4-AEE9-5022-180C6ADF15D6}.Debug|Any CPU.Build.0 = Debug|Any CPU
		{05D08221-1EA4-AEE9-5022-180C6ADF15D6}.Release|Any CPU.ActiveCfg = Release|Any CPU
		{05D08221-1EA4-AEE9-5022-180C6ADF15D6}.Release|Any CPU.Build.0 = Release|Any CPU
	EndGlobalSection
	GlobalSection(SolutionProperties) = preSolution
		HideSolutionNode = FALSE
	EndGlobalSection
	GlobalSection(ExtensibilityGlobals) = postSolution
		SolutionGuid = {B9232282-419E-4042-93C9-B570A7E0E0CC}
	EndGlobalSection
EndGlobal
